
Microsoft Visual Studio Solution File, Format Version 12.00
# Visual Studio Version 17
VisualStudioVersion = 17.11.35327.3
MinimumVisualStudioVersion = 10.0.40219.1
Project("{8BC9CEB8-8B4A-11D0-8D11-00A0C91BC942}") = "BTH02", "BTH02.vcxproj", "{7649BE52-219D-4CBC-A9DF-36A56DEC7F58}"
EndProject
Global
	GlobalSection(SolutionConfigurationPlatforms) = preSolution
		Debug|x64 = Debug|x64
		Debug|x86 = Debug|x86
		Release|x64 = Release|x64
		Release|x86 = Release|x86
	EndGlobalSection
	GlobalSection(ProjectConfigurationPlatforms) = postSolution
		{7649BE52-219D-4CBC-A9DF-36A56DEC7F58}.Debug|x64.ActiveCfg = Debug|x64
		{7649BE52-219D-4CBC-A9DF-36A56DEC7F58}.Debug|x64.Build.0 = Debug|x64
		{7649BE52-219D-4CBC-A9DF-36A56DEC7F58}.Debug|x86.ActiveCfg = Debug|Win32
		{7649BE52-219D-4CBC-A9DF-36A56DEC7F58}.Debug|x86.Build.0 = Debug|Win32
		{7649BE52-219D-4CBC-A9DF-36A56DEC7F58}.Release|x64.ActiveCfg = Release|x64
		{7649BE52-219D-4CBC-A9DF-36A56DEC7F58}.Release|x64.Build.0 = Release|x64
		{7649BE52-219D-4CBC-A9DF-36A56DEC7F58}.Release|x86.ActiveCfg = Release|Win32
		{7649BE52-219D-4CBC-A9DF-36A56DEC7F58}.Release|x86.Build.0 = Release|Win32
	EndGlobalSection
	GlobalSection(SolutionProperties) = preSolution
		HideSolutionNode = FALSE
	EndGlobalSection
	GlobalSection(ExtensibilityGlobals) = postSolution
		SolutionGuid = {15955E6B-9B47-4124-A18B-5B5FFA2095F2}
	EndGlobalSection
EndGlobal
